{
  "lockfileVersion": 1,
  "workspaces": {
    "": {
      "name": "pathfinding-binaries",
      "dependencies": {
        "typescript": "^4.4.3",
      },
      "devDependencies": {
        "@types/node": "^16.11.7",
      },
    },
  },
  "packages": {
    "@types/node": ["@types/node@16.11.7", "", {}, "sha512-QB5D2sqfSjCmTuWcBWyJ+/44bcjO7VbjSbOE0ucoVbAsSNQc4Lt6QkgkVXkTDwkL4z/beecZNDvVX15D4P8Jbw=="],

    "typescript": ["typescript@4.4.3", "", { "bin": { "tsc": "bin/tsc", "tsserver": "bin/tsserver" } }, "sha512-4xfscpisVgqqDfPaJo5vkd+Qd/ItkoagnHpufr+i2QCHBsNYp+G7UAoyFl8aPtx879u38wPV65rZ8qbGZijalA=="],
  }
}
